
Microsoft Visual Studio Solution File, Format Version 11.00
# Visual Studio 2012
Project("{FAE04EC0-301F-11D3-BF4B-00C04F79EFBC}") = "SugarCpp.WPF", "SugarCpp.WPF\SugarCpp.WPF.csproj", "{00241C45-AB13-4B3C-841C-F00F433BBF4B}"
EndProject
Project("{FAE04EC0-301F-11D3-BF4B-00C04F79EFBC}") = "SugarCpp.Compiler", "SugarCpp.Compiler\SugarCpp.Compiler.csproj", "{65BAE256-8EB4-418B-BB17-FD9E3FA4D40A}"
EndProject
Project("{FAE04EC0-301F-11D3-BF4B-00C04F79EFBC}") = "SugarCpp.WinForm", "SugarCpp.WinForm\SugarCpp.WinForm.csproj", "{467AAC00-3DEB-4D5E-A9A7-B78DF19B047F}"
EndProject
Project("{FAE04EC0-301F-11D3-BF4B-00C04F79EFBC}") = "SugarCpp.CommandLine", "SugarCpp.CommandLine\SugarCpp.CommandLine.csproj", "{0C93AF78-3F38-4711-B0D8-D638816A699C}"
EndProject
Project("{FAE04EC0-301F-11D3-BF4B-00C04F79EFBC}") = "SugarCpp.Test", "SugarCpp.Test\SugarCpp.Test.csproj", "{F9E3ACED-D480-49D4-943C-D8308EB7BFFD}"
EndProject
Project("{FAE04EC0-301F-11D3-BF4B-00C04F79EFBC}") = "SugarCpp.Watcher", "SugarCpp.Watcher\SugarCpp.Watcher.csproj", "{D08C3CCB-90E9-4639-83E0-BFC9EB414393}"
EndProject
Global
	GlobalSection(SolutionConfigurationPlatforms) = preSolution
		Debug|Any CPU = Debug|Any CPU
		Release|Any CPU = Release|Any CPU
	EndGlobalSection
	GlobalSection(ProjectConfigurationPlatforms) = postSolution
		{00241C45-AB13-4B3C-841C-F00F433BBF4B}.Debug|Any CPU.ActiveCfg = Debug|Any CPU
		{00241C45-AB13-4B3C-841C-F00F433BBF4B}.Debug|Any CPU.Build.0 = Debug|Any CPU
		{00241C45-AB13-4B3C-841C-F00F433BBF4B}.Release|Any CPU.ActiveCfg = Release|Any CPU
		{00241C45-AB13-4B3C-841C-F00F433BBF4B}.Release|Any CPU.Build.0 = Release|Any CPU
		{65BAE256-8EB4-418B-BB17-FD9E3FA4D40A}.Debug|Any CPU.ActiveCfg = Debug|Any CPU
		{65BAE256-8EB4-418B-BB17-FD9E3FA4D40A}.Debug|Any CPU.Build.0 = Debug|Any CPU
		{65BAE256-8EB4-418B-BB17-FD9E3FA4D40A}.Release|Any CPU.ActiveCfg = Release|Any CPU
		{65BAE256-8EB4-418B-BB17-FD9E3FA4D40A}.Release|Any CPU.Build.0 = Release|Any CPU
		{467AAC00-3DEB-4D5E-A9A7-B78DF19B047F}.Debug|Any CPU.ActiveCfg = Debug|Any CPU
		{467AAC00-3DEB-4D5E-A9A7-B78DF19B047F}.Debug|Any CPU.Build.0 = Debug|Any CPU
		{467AAC00-3DEB-4D5E-A9A7-B78DF19B047F}.Release|Any CPU.ActiveCfg = Release|Any CPU
		{467AAC00-3DEB-4D5E-A9A7-B78DF19B047F}.Release|Any CPU.Build.0 = Release|Any CPU
		{0C93AF78-3F38-4711-B0D8-D638816A699C}.Debug|Any CPU.ActiveCfg = Debug|Any CPU
		{0C93AF78-3F38-4711-B0D8-D638816A699C}.Debug|Any CPU.Build.0 = Debug|Any CPU
		{0C93AF78-3F38-4711-B0D8-D638816A699C}.Release|Any CPU.ActiveCfg = Release|Any CPU
		{0C93AF78-3F38-4711-B0D8-D638816A699C}.Release|Any CPU.Build.0 = Release|Any CPU
		{F9E3ACED-D480-49D4-943C-D8308EB7BFFD}.Debug|Any CPU.ActiveCfg = Debug|Any CPU
		{F9E3ACED-D480-49D4-943C-D8308EB7BFFD}.Debug|Any CPU.Build.0 = Debug|Any CPU
		{F9E3ACED-D480-49D4-943C-D8308EB7BFFD}.Release|Any CPU.ActiveCfg = Release|Any CPU
		{F9E3ACED-D480-49D4-943C-D8308EB7BFFD}.Release|Any CPU.Build.0 = Release|Any CPU
		{D08C3CCB-90E9-4639-83E0-BFC9EB414393}.Debug|Any CPU.ActiveCfg = Debug|Any CPU
		{D08C3CCB-90E9-4639-83E0-BFC9EB414393}.Debug|Any CPU.Build.0 = Debug|Any CPU
		{D08C3CCB-90E9-4639-83E0-BFC9EB414393}.Release|Any CPU.ActiveCfg = Release|Any CPU
		{D08C3CCB-90E9-4639-83E0-BFC9EB414393}.Release|Any CPU.Build.0 = Release|Any CPU
	EndGlobalSection
	GlobalSection(SolutionProperties) = preSolution
		HideSolutionNode = FALSE
	EndGlobalSection
EndGlobal
